// !$*UTF8*$!
{
	archiveVersion = 1;
	classes = {
	};
	objectVersion = 46;
	objects = {

/* Begin PBXBuildFile section */
		C02672371A36E1F800C93D6C /* CheckersBoardView.m in Sources */ = {isa = PBXBuildFile; fileRef = C02672361A36E1F800C93D6C /* CheckersBoardView.m */; };
		C091D1FF1A2C6FCE0033F8BD /* main.m in Sources */ = {isa = PBXBuildFile; fileRef = C091D1FE1A2C6FCE0033F8BD /* main.m */; };
		C091D2021A2C6FCE0033F8BD /* AppDelegate.m in Sources */ = {isa = PBXBuildFile; fileRef = C091D2011A2C6FCE0033F8BD /* AppDelegate.m */; };
		C091D2081A2C6FCE0033F8BD /* Main.storyboard in Resources */ = {isa = PBXBuildFile; fileRef = C091D2061A2C6FCE0033F8BD /* Main.storyboard */; };
		C091D20A1A2C6FCE0033F8BD /* Images.xcassets in Resources */ = {isa = PBXBuildFile; fileRef = C091D2091A2C6FCE0033F8BD /* Images.xcassets */; };
		C091D20D1A2C6FCE0033F8BD /* LaunchScreen.xib in Resources */ = {isa = PBXBuildFile; fileRef = C091D20B1A2C6FCE0033F8BD /* LaunchScreen.xib */; };
		C091D2191A2C6FCE0033F8BD /* CheckersTests.m in Sources */ = {isa = PBXBuildFile; fileRef = C091D2181A2C6FCE0033F8BD /* CheckersTests.m */; };
		C09D0A051A3F7E9400A35600 /* GameEngine.m in Sources */ = {isa = PBXBuildFile; fileRef = C09D0A041A3F7E9400A35600 /* GameEngine.m */; };
		C0B4D9901A377148000F3C41 /* CheckersViewController.m in Sources */ = {isa = PBXBuildFile; fileRef = C0B4D98F1A377148000F3C41 /* CheckersViewController.m */; };
		C0B4D9941A383247000F3C41 /* CheckersPieceView.m in Sources */ = {isa = PBXBuildFile; fileRef = C0B4D9931A383247000F3C41 /* CheckersPieceView.m */; };
		C0B4D9981A3832DC000F3C41 /* Piece.m in Sources */ = {isa = PBXBuildFile; fileRef = C0B4D9971A3832DC000F3C41 /* Piece.m */; };
		C0B4D99B1A383583000F3C41 /* RegularPiece.m in Sources */ = {isa = PBXBuildFile; fileRef = C0B4D99A1A383583000F3C41 /* RegularPiece.m */; };
		C0B4D99E1A3835C9000F3C41 /* CheckPiece.m in Sources */ = {isa = PBXBuildFile; fileRef = C0B4D99D1A3835C9000F3C41 /* CheckPiece.m */; };
		C0B4D9A31A3836A7000F3C41 /* CheckersTileView.m in Sources */ = {isa = PBXBuildFile; fileRef = C0B4D9A21A3836A7000F3C41 /* CheckersTileView.m */; };
		C0B4D9A71A383749000F3C41 /* BoardView.m in Sources */ = {isa = PBXBuildFile; fileRef = C0B4D9A61A383749000F3C41 /* BoardView.m */; };
		C0B4D9AA1A383D2B000F3C41 /* TileCoordinates.m in Sources */ = {isa = PBXBuildFile; fileRef = C0B4D9A91A383D2B000F3C41 /* TileCoordinates.m */; };
		C0B4D9AD1A38496C000F3C41 /* NSMutableArray+MultidimensionExtension.m in Sources */ = {isa = PBXBuildFile; fileRef = C0B4D9AC1A38496C000F3C41 /* NSMutableArray+MultidimensionExtension.m */; };
		C0DC69461A2FA84900C8CFC8 /* MulticastDelegate.m in Sources */ = {isa = PBXBuildFile; fileRef = C0DC69451A2FA84900C8CFC8 /* MulticastDelegate.m */; };
		C0DC69491A2FA91A00C8CFC8 /* Board.m in Sources */ = {isa = PBXBuildFile; fileRef = C0DC69481A2FA91A00C8CFC8 /* Board.m */; };
		C0DC694C1A2FB24F00C8CFC8 /* CheckersBoard.m in Sources */ = {isa = PBXBuildFile; fileRef = C0DC694B1A2FB24F00C8CFC8 /* CheckersBoard.m */; };
		C0DC694F1A2FB45F00C8CFC8 /* BoardSquareView.m in Sources */ = {isa = PBXBuildFile; fileRef = C0DC694E1A2FB45F00C8CFC8 /* BoardSquareView.m */; };
/* End PBXBuildFile section */

/* Begin PBXContainerItemProxy section */
		C091D2131A2C6FCE0033F8BD /* PBXContainerItemProxy */ = {
			isa = PBXContainerItemProxy;
			containerPortal = C091D1F11A2C6FCE0033F8BD /* Project object */;
			proxyType = 1;
			remoteGlobalIDString = C091D1F81A2C6FCE0033F8BD;
			remoteInfo = Checkers;
		};
/* End PBXContainerItemProxy section */

/* Begin PBXFileReference section */
		C02672351A36E1F800C93D6C /* CheckersBoardView.h */ = {isa = PBXFileReference; fileEncoding = 4; lastKnownFileType = sourcecode.c.h; name = CheckersBoardView.h; path = View/CheckersBoardView.h; sourceTree = "<group>"; };
		C02672361A36E1F800C93D6C /* CheckersBoardView.m */ = {isa = PBXFileReference; fileEncoding = 4; lastKnownFileType = sourcecode.c.objc; name = CheckersBoardView.m; path = View/CheckersBoardView.m; sourceTree = "<group>"; };
		C02A10D81A2DAD78000C9CDE /* BoardCellState.h */ = {isa = PBXFileReference; fileEncoding = 4; lastKnownFileType = sourcecode.c.h; path = BoardCellState.h; sourceTree = "<group>"; };
		C091D1F91A2C6FCE0033F8BD /* Checkers.app */ = {isa = PBXFileReference; explicitFileType = wrapper.application; includeInIndex = 0; path = Checkers.app; sourceTree = BUILT_PRODUCTS_DIR; };
		C091D1FD1A2C6FCE0033F8BD /* Info.plist */ = {isa = PBXFileReference; lastKnownFileType = text.plist.xml; path = Info.plist; sourceTree = "<group>"; };
		C091D1FE1A2C6FCE0033F8BD /* main.m */ = {isa = PBXFileReference; lastKnownFileType = sourcecode.c.objc; path = main.m; sourceTree = "<group>"; };
		C091D2001A2C6FCE0033F8BD /* AppDelegate.h */ = {isa = PBXFileReference; lastKnownFileType = sourcecode.c.h; path = AppDelegate.h; sourceTree = "<group>"; };
		C091D2011A2C6FCE0033F8BD /* AppDelegate.m */ = {isa = PBXFileReference; lastKnownFileType = sourcecode.c.objc; path = AppDelegate.m; sourceTree = "<group>"; };
		C091D2071A2C6FCE0033F8BD /* Base */ = {isa = PBXFileReference; lastKnownFileType = file.storyboard; name = Base; path = Base.lproj/Main.storyboard; sourceTree = "<group>"; };
		C091D2091A2C6FCE0033F8BD /* Images.xcassets */ = {isa = PBXFileReference; lastKnownFileType = folder.assetcatalog; path = Images.xcassets; sourceTree = "<group>"; };
		C091D20C1A2C6FCE0033F8BD /* Base */ = {isa = PBXFileReference; lastKnownFileType = file.xib; name = Base; path = Base.lproj/LaunchScreen.xib; sourceTree = "<group>"; };
		C091D2121A2C6FCE0033F8BD /* CheckersTests.xctest */ = {isa = PBXFileReference; explicitFileType = wrapper.cfbundle; includeInIndex = 0; path = CheckersTests.xctest; sourceTree = BUILT_PRODUCTS_DIR; };
		C091D2171A2C6FCE0033F8BD /* Info.plist */ = {isa = PBXFileReference; lastKnownFileType = text.plist.xml; path = Info.plist; sourceTree = "<group>"; };
		C091D2181A2C6FCE0033F8BD /* CheckersTests.m */ = {isa = PBXFileReference; lastKnownFileType = sourcecode.c.objc; path = CheckersTests.m; sourceTree = "<group>"; };
		C09D0A031A3F7E9400A35600 /* GameEngine.h */ = {isa = PBXFileReference; fileEncoding = 4; lastKnownFileType = sourcecode.c.h; name = GameEngine.h; path = Model/GameEngine.h; sourceTree = "<group>"; };
		C09D0A041A3F7E9400A35600 /* GameEngine.m */ = {isa = PBXFileReference; fileEncoding = 4; lastKnownFileType = sourcecode.c.objc; name = GameEngine.m; path = Model/GameEngine.m; sourceTree = "<group>"; };
		C09D0A061A3F928500A35600 /* ISetupBoard.h */ = {isa = PBXFileReference; fileEncoding = 4; lastKnownFileType = sourcecode.c.h; name = ISetupBoard.h; path = Business/ISetupBoard.h; sourceTree = "<group>"; };
		C0B4D98E1A377148000F3C41 /* CheckersViewController.h */ = {isa = PBXFileReference; fileEncoding = 4; lastKnownFileType = sourcecode.c.h; path = CheckersViewController.h; sourceTree = "<group>"; };
		C0B4D98F1A377148000F3C41 /* CheckersViewController.m */ = {isa = PBXFileReference; fileEncoding = 4; lastKnownFileType = sourcecode.c.objc; path = CheckersViewController.m; sourceTree = "<group>"; };
		C0B4D9921A383247000F3C41 /* CheckersPieceView.h */ = {isa = PBXFileReference; fileEncoding = 4; lastKnownFileType = sourcecode.c.h; name = CheckersPieceView.h; path = View/CheckersPieceView.h; sourceTree = "<group>"; };
		C0B4D9931A383247000F3C41 /* CheckersPieceView.m */ = {isa = PBXFileReference; fileEncoding = 4; lastKnownFileType = sourcecode.c.objc; name = CheckersPieceView.m; path = View/CheckersPieceView.m; sourceTree = "<group>"; };
		C0B4D9961A3832DC000F3C41 /* Piece.h */ = {isa = PBXFileReference; fileEncoding = 4; lastKnownFileType = sourcecode.c.h; name = Piece.h; path = Model/Piece.h; sourceTree = "<group>"; };
		C0B4D9971A3832DC000F3C41 /* Piece.m */ = {isa = PBXFileReference; fileEncoding = 4; lastKnownFileType = sourcecode.c.objc; name = Piece.m; path = Model/Piece.m; sourceTree = "<group>"; };
		C0B4D9991A383583000F3C41 /* RegularPiece.h */ = {isa = PBXFileReference; fileEncoding = 4; lastKnownFileType = sourcecode.c.h; name = RegularPiece.h; path = Model/RegularPiece.h; sourceTree = "<group>"; };
		C0B4D99A1A383583000F3C41 /* RegularPiece.m */ = {isa = PBXFileReference; fileEncoding = 4; lastKnownFileType = sourcecode.c.objc; name = RegularPiece.m; path = Model/RegularPiece.m; sourceTree = "<group>"; };
		C0B4D99C1A3835C9000F3C41 /* CheckPiece.h */ = {isa = PBXFileReference; fileEncoding = 4; lastKnownFileType = sourcecode.c.h; name = CheckPiece.h; path = Model/CheckPiece.h; sourceTree = "<group>"; };
		C0B4D99D1A3835C9000F3C41 /* CheckPiece.m */ = {isa = PBXFileReference; fileEncoding = 4; lastKnownFileType = sourcecode.c.objc; name = CheckPiece.m; path = Model/CheckPiece.m; sourceTree = "<group>"; };
		C0B4D9A11A3836A7000F3C41 /* CheckersTileView.h */ = {isa = PBXFileReference; fileEncoding = 4; lastKnownFileType = sourcecode.c.h; name = CheckersTileView.h; path = View/CheckersTileView.h; sourceTree = "<group>"; };
		C0B4D9A21A3836A7000F3C41 /* CheckersTileView.m */ = {isa = PBXFileReference; fileEncoding = 4; lastKnownFileType = sourcecode.c.objc; name = CheckersTileView.m; path = View/CheckersTileView.m; sourceTree = "<group>"; };
		C0B4D9A51A383749000F3C41 /* BoardView.h */ = {isa = PBXFileReference; fileEncoding = 4; lastKnownFileType = sourcecode.c.h; name = BoardView.h; path = View/BoardView.h; sourceTree = "<group>"; };
		C0B4D9A61A383749000F3C41 /* BoardView.m */ = {isa = PBXFileReference; fileEncoding = 4; lastKnownFileType = sourcecode.c.objc; name = BoardView.m; path = View/BoardView.m; sourceTree = "<group>"; };
		C0B4D9A81A383D2B000F3C41 /* TileCoordinates.h */ = {isa = PBXFileReference; fileEncoding = 4; lastKnownFileType = sourcecode.c.h; path = TileCoordinates.h; sourceTree = "<group>"; };
		C0B4D9A91A383D2B000F3C41 /* TileCoordinates.m */ = {isa = PBXFileReference; fileEncoding = 4; lastKnownFileType = sourcecode.c.objc; path = TileCoordinates.m; sourceTree = "<group>"; };
		C0B4D9AB1A38496C000F3C41 /* NSMutableArray+MultidimensionExtension.h */ = {isa = PBXFileReference; fileEncoding = 4; lastKnownFileType = sourcecode.c.h; path = "NSMutableArray+MultidimensionExtension.h"; sourceTree = "<group>"; };
		C0B4D9AC1A38496C000F3C41 /* NSMutableArray+MultidimensionExtension.m */ = {isa = PBXFileReference; fileEncoding = 4; lastKnownFileType = sourcecode.c.objc; path = "NSMutableArray+MultidimensionExtension.m"; sourceTree = "<group>"; };
		C0DC69441A2FA84900C8CFC8 /* MulticastDelegate.h */ = {isa = PBXFileReference; fileEncoding = 4; lastKnownFileType = sourcecode.c.h; path = MulticastDelegate.h; sourceTree = "<group>"; };
		C0DC69451A2FA84900C8CFC8 /* MulticastDelegate.m */ = {isa = PBXFileReference; fileEncoding = 4; lastKnownFileType = sourcecode.c.objc; path = MulticastDelegate.m; sourceTree = "<group>"; };
		C0DC69471A2FA91A00C8CFC8 /* Board.h */ = {isa = PBXFileReference; fileEncoding = 4; lastKnownFileType = sourcecode.c.h; name = Board.h; path = Model/Board.h; sourceTree = "<group>"; };
		C0DC69481A2FA91A00C8CFC8 /* Board.m */ = {isa = PBXFileReference; fileEncoding = 4; lastKnownFileType = sourcecode.c.objc; name = Board.m; path = Model/Board.m; sourceTree = "<group>"; };
		C0DC694A1A2FB24F00C8CFC8 /* CheckersBoard.h */ = {isa = PBXFileReference; fileEncoding = 4; lastKnownFileType = sourcecode.c.h; name = CheckersBoard.h; path = Model/CheckersBoard.h; sourceTree = "<group>"; };
		C0DC694B1A2FB24F00C8CFC8 /* CheckersBoard.m */ = {isa = PBXFileReference; fileEncoding = 4; lastKnownFileType = sourcecode.c.objc; name = CheckersBoard.m; path = Model/CheckersBoard.m; sourceTree = "<group>"; };
		C0DC694D1A2FB45F00C8CFC8 /* BoardSquareView.h */ = {isa = PBXFileReference; fileEncoding = 4; lastKnownFileType = sourcecode.c.h; name = BoardSquareView.h; path = View/BoardSquareView.h; sourceTree = "<group>"; };
		C0DC694E1A2FB45F00C8CFC8 /* BoardSquareView.m */ = {isa = PBXFileReference; fileEncoding = 4; lastKnownFileType = sourcecode.c.objc; name = BoardSquareView.m; path = View/BoardSquareView.m; sourceTree = "<group>"; };
/* End PBXFileReference section */

/* Begin PBXFrameworksBuildPhase section */
		C091D1F61A2C6FCE0033F8BD /* Frameworks */ = {
			isa = PBXFrameworksBuildPhase;
			buildActionMask = 2147483647;
			files = (
			);
			runOnlyForDeploymentPostprocessing = 0;
		};
		C091D20F1A2C6FCE0033F8BD /* Frameworks */ = {
			isa = PBXFrameworksBuildPhase;
			buildActionMask = 2147483647;
			files = (
			);
			runOnlyForDeploymentPostprocessing = 0;
		};
/* End PBXFrameworksBuildPhase section */

/* Begin PBXGroup section */
		C04C871C1A40AAF50097E26E /* eski */ = {
			isa = PBXGroup;
			children = (
				C0B4D99F1A383669000F3C41 /* eski */,
				C0B4D9A01A38367F000F3C41 /* eski */,
			);
			name = eski;
			path = Checkers;
			sourceTree = "<group>";
		};
		C04C871D1A40AFE30097E26E /* State */ = {
			isa = PBXGroup;
			children = (
				C0B4D9961A3832DC000F3C41 /* Piece.h */,
				C0B4D9971A3832DC000F3C41 /* Piece.m */,
				C0B4D9991A383583000F3C41 /* RegularPiece.h */,
				C0B4D99A1A383583000F3C41 /* RegularPiece.m */,
				C0B4D99C1A3835C9000F3C41 /* CheckPiece.h */,
				C0B4D99D1A3835C9000F3C41 /* CheckPiece.m */,
			);
			name = State;
			sourceTree = "<group>";
		};
		C091D1F01A2C6FCE0033F8BD = {
			isa = PBXGroup;
			children = (
				C091D1FB1A2C6FCE0033F8BD /* Checkers */,
				C04C871C1A40AAF50097E26E /* eski */,
				C0DD99191A2C8C3A00E91DD9 /* Other */,
			);
			sourceTree = "<group>";
		};
		C091D1FA1A2C6FCE0033F8BD /* Products */ = {
			isa = PBXGroup;
			children = (
				C091D1F91A2C6FCE0033F8BD /* Checkers.app */,
				C091D2121A2C6FCE0033F8BD /* CheckersTests.xctest */,
			);
			name = Products;
			sourceTree = "<group>";
		};
		C091D1FB1A2C6FCE0033F8BD /* Checkers */ = {
			isa = PBXGroup;
			children = (
				C04C871D1A40AFE30097E26E /* State */,
				C091D2001A2C6FCE0033F8BD /* AppDelegate.h */,
				C091D2011A2C6FCE0033F8BD /* AppDelegate.m */,
				C0B4D9A81A383D2B000F3C41 /* TileCoordinates.h */,
				C0B4D9A91A383D2B000F3C41 /* TileCoordinates.m */,
				C0DD99171A2C8BCA00E91DD9 /* Data */,
				C0DD99161A2C8BC700E91DD9 /* Business */,
				C0DD99151A2C8BC400E91DD9 /* Presentation */,
				C091D2061A2C6FCE0033F8BD /* Main.storyboard */,
				C0DC69431A2FA83000C8CFC8 /* Utilities */,
				C0DD99181A2C8BFD00E91DD9 /* Resources */,
				C091D1FC1A2C6FCE0033F8BD /* Supporting Files */,
			);
			path = Checkers;
			sourceTree = "<group>";
		};
		C091D1FC1A2C6FCE0033F8BD /* Supporting Files */ = {
			isa = PBXGroup;
			children = (
				C091D1FD1A2C6FCE0033F8BD /* Info.plist */,
				C091D1FE1A2C6FCE0033F8BD /* main.m */,
			);
			name = "Supporting Files";
			sourceTree = "<group>";
		};
		C091D2151A2C6FCE0033F8BD /* CheckersTests */ = {
			isa = PBXGroup;
			children = (
				C091D2181A2C6FCE0033F8BD /* CheckersTests.m */,
				C091D2161A2C6FCE0033F8BD /* Supporting Files */,
			);
			path = CheckersTests;
			sourceTree = "<group>";
		};
		C091D2161A2C6FCE0033F8BD /* Supporting Files */ = {
			isa = PBXGroup;
			children = (
				C091D2171A2C6FCE0033F8BD /* Info.plist */,
			);
			name = "Supporting Files";
			sourceTree = "<group>";
		};
		C0B4D99F1A383669000F3C41 /* eski */ = {
			isa = PBXGroup;
			children = (
				C02A10D81A2DAD78000C9CDE /* BoardCellState.h */,
				C0DC69471A2FA91A00C8CFC8 /* Board.h */,
				C0DC69481A2FA91A00C8CFC8 /* Board.m */,
				C0DC694A1A2FB24F00C8CFC8 /* CheckersBoard.h */,
				C0DC694B1A2FB24F00C8CFC8 /* CheckersBoard.m */,
			);
			name = eski;
			sourceTree = "<group>";
		};
		C0B4D9A01A38367F000F3C41 /* eski */ = {
			isa = PBXGroup;
			children = (
				C02672351A36E1F800C93D6C /* CheckersBoardView.h */,
				C02672361A36E1F800C93D6C /* CheckersBoardView.m */,
				C0DC694D1A2FB45F00C8CFC8 /* BoardSquareView.h */,
				C0DC694E1A2FB45F00C8CFC8 /* BoardSquareView.m */,
			);
			name = eski;
			sourceTree = "<group>";
		};
		C0DC69431A2FA83000C8CFC8 /* Utilities */ = {
			isa = PBXGroup;
			children = (
				C0B4D9AB1A38496C000F3C41 /* NSMutableArray+MultidimensionExtension.h */,
				C0B4D9AC1A38496C000F3C41 /* NSMutableArray+MultidimensionExtension.m */,
				C0DC69441A2FA84900C8CFC8 /* MulticastDelegate.h */,
				C0DC69451A2FA84900C8CFC8 /* MulticastDelegate.m */,
			);
			name = Utilities;
			sourceTree = "<group>";
		};
		C0DD99151A2C8BC400E91DD9 /* Presentation */ = {
			isa = PBXGroup;
			children = (
				C0DD991B1A2CEC8C00E91DD9 /* Controllers */,
				C0DD991A1A2CEC7C00E91DD9 /* Views */,
			);
			name = Presentation;
			sourceTree = "<group>";
		};
		C0DD99161A2C8BC700E91DD9 /* Business */ = {
			isa = PBXGroup;
			children = (
				C09D0A031A3F7E9400A35600 /* GameEngine.h */,
				C09D0A041A3F7E9400A35600 /* GameEngine.m */,
				C09D0A061A3F928500A35600 /* ISetupBoard.h */,
			);
			name = Business;
			sourceTree = "<group>";
		};
		C0DD99171A2C8BCA00E91DD9 /* Data */ = {
			isa = PBXGroup;
			children = (
			);
			name = Data;
			sourceTree = "<group>";
		};
		C0DD99181A2C8BFD00E91DD9 /* Resources */ = {
			isa = PBXGroup;
			children = (
				C091D2091A2C6FCE0033F8BD /* Images.xcassets */,
				C091D20B1A2C6FCE0033F8BD /* LaunchScreen.xib */,
			);
			name = Resources;
			sourceTree = "<group>";
		};
		C0DD99191A2C8C3A00E91DD9 /* Other */ = {
			isa = PBXGroup;
			children = (
				C091D2151A2C6FCE0033F8BD /* CheckersTests */,
				C091D1FA1A2C6FCE0033F8BD /* Products */,
			);
			name = Other;
			sourceTree = "<group>";
		};
		C0DD991A1A2CEC7C00E91DD9 /* Views */ = {
			isa = PBXGroup;
			children = (
				C0B4D9A51A383749000F3C41 /* BoardView.h */,
				C0B4D9A61A383749000F3C41 /* BoardView.m */,
				C0B4D9A11A3836A7000F3C41 /* CheckersTileView.h */,
				C0B4D9A21A3836A7000F3C41 /* CheckersTileView.m */,
				C0B4D9921A383247000F3C41 /* CheckersPieceView.h */,
				C0B4D9931A383247000F3C41 /* CheckersPieceView.m */,
			);
			name = Views;
			sourceTree = "<group>";
		};
		C0DD991B1A2CEC8C00E91DD9 /* Controllers */ = {
			isa = PBXGroup;
			children = (
				C0B4D98E1A377148000F3C41 /* CheckersViewController.h */,
				C0B4D98F1A377148000F3C41 /* CheckersViewController.m */,
			);
			name = Controllers;
			sourceTree = "<group>";
		};
/* End PBXGroup section */

/* Begin PBXNativeTarget section */
		C091D1F81A2C6FCE0033F8BD /* Checkers */ = {
			isa = PBXNativeTarget;
			buildConfigurationList = C091D21C1A2C6FCE0033F8BD /* Build configuration list for PBXNativeTarget "Checkers" */;
			buildPhases = (
				C091D1F51A2C6FCE0033F8BD /* Sources */,
				C091D1F61A2C6FCE0033F8BD /* Frameworks */,
				C091D1F71A2C6FCE0033F8BD /* Resources */,
			);
			buildRules = (
			);
			dependencies = (
			);
			name = Checkers;
			productName = Checkers;
			productReference = C091D1F91A2C6FCE0033F8BD /* Checkers.app */;
			productType = "com.apple.product-type.application";
		};
		C091D2111A2C6FCE0033F8BD /* CheckersTests */ = {
			isa = PBXNativeTarget;
			buildConfigurationList = C091D21F1A2C6FCE0033F8BD /* Build configuration list for PBXNativeTarget "CheckersTests" */;
			buildPhases = (
				C091D20E1A2C6FCE0033F8BD /* Sources */,
				C091D20F1A2C6FCE0033F8BD /* Frameworks */,
				C091D2101A2C6FCE0033F8BD /* Resources */,
			);
			buildRules = (
			);
			dependencies = (
				C091D2141A2C6FCE0033F8BD /* PBXTargetDependency */,
			);
			name = CheckersTests;
			productName = CheckersTests;
			productReference = C091D2121A2C6FCE0033F8BD /* CheckersTests.xctest */;
			productType = "com.apple.product-type.bundle.unit-test";
		};
/* End PBXNativeTarget section */

/* Begin PBXProject section */
		C091D1F11A2C6FCE0033F8BD /* Project object */ = {
			isa = PBXProject;
			attributes = {
				LastUpgradeCheck = 0610;
				ORGANIZATIONNAME = Baro;
				TargetAttributes = {
					C091D1F81A2C6FCE0033F8BD = {
						CreatedOnToolsVersion = 6.1;
					};
					C091D2111A2C6FCE0033F8BD = {
						CreatedOnToolsVersion = 6.1;
						TestTargetID = C091D1F81A2C6FCE0033F8BD;
					};
				};
			};
			buildConfigurationList = C091D1F41A2C6FCE0033F8BD /* Build configuration list for PBXProject "Checkers" */;
			compatibilityVersion = "Xcode 3.2";
			developmentRegion = English;
			hasScannedForEncodings = 0;
			knownRegions = (
				en,
				Base,
			);
			mainGroup = C091D1F01A2C6FCE0033F8BD;
			productRefGroup = C091D1FA1A2C6FCE0033F8BD /* Products */;
			projectDirPath = "";
			projectRoot = "";
			targets = (
				C091D1F81A2C6FCE0033F8BD /* Checkers */,
				C091D2111A2C6FCE0033F8BD /* CheckersTests */,
			);
		};
/* End PBXProject section */

/* Begin PBXResourcesBuildPhase section */
		C091D1F71A2C6FCE0033F8BD /* Resources */ = {
			isa = PBXResourcesBuildPhase;
			buildActionMask = 2147483647;
			files = (
				C091D2081A2C6FCE0033F8BD /* Main.storyboard in Resources */,
				C091D20D1A2C6FCE0033F8BD /* LaunchScreen.xib in Resources */,
				C091D20A1A2C6FCE0033F8BD /* Images.xcassets in Resources */,
			);
			runOnlyForDeploymentPostprocessing = 0;
		};
		C091D2101A2C6FCE0033F8BD /* Resources */ = {
			isa = PBXResourcesBuildPhase;
			buildActionMask = 2147483647;
			files = (
			);
			runOnlyForDeploymentPostprocessing = 0;
		};
/* End PBXResourcesBuildPhase section */

/* Begin PBXSourcesBuildPhase section */
		C091D1F51A2C6FCE0033F8BD /* Sources */ = {
			isa = PBXSourcesBuildPhase;
			buildActionMask = 2147483647;
			files = (
				C09D0A051A3F7E9400A35600 /* GameEngine.m in Sources */,
				C0DC694F1A2FB45F00C8CFC8 /* BoardSquareView.m in Sources */,
				C0B4D9A31A3836A7000F3C41 /* CheckersTileView.m in Sources */,
				C0DC69461A2FA84900C8CFC8 /* MulticastDelegate.m in Sources */,
				C0B4D9981A3832DC000F3C41 /* Piece.m in Sources */,
				C0B4D9901A377148000F3C41 /* CheckersViewController.m in Sources */,
				C0B4D99B1A383583000F3C41 /* RegularPiece.m in Sources */,
				C0B4D9AD1A38496C000F3C41 /* NSMutableArray+MultidimensionExtension.m in Sources */,
				C091D2021A2C6FCE0033F8BD /* AppDelegate.m in Sources */,
				C02672371A36E1F800C93D6C /* CheckersBoardView.m in Sources */,
				C0B4D9AA1A383D2B000F3C41 /* TileCoordinates.m in Sources */,
				C0DC69491A2FA91A00C8CFC8 /* Board.m in Sources */,
				C0B4D9941A383247000F3C41 /* CheckersPieceView.m in Sources */,
				C0DC694C1A2FB24F00C8CFC8 /* CheckersBoard.m in Sources */,
				C091D1FF1A2C6FCE0033F8BD /* main.m in Sources */,
				C0B4D99E1A3835C9000F3C41 /* CheckPiece.m in Sources */,
				C0B4D9A71A383749000F3C41 /* BoardView.m in Sources */,
			);
			runOnlyForDeploymentPostprocessing = 0;
		};
		C091D20E1A2C6FCE0033F8BD /* Sources */ = {
			isa = PBXSourcesBuildPhase;
			buildActionMask = 2147483647;
			files = (
				C091D2191A2C6FCE0033F8BD /* CheckersTests.m in Sources */,
			);
			runOnlyForDeploymentPostprocessing = 0;
		};
/* End PBXSourcesBuildPhase section */

/* Begin PBXTargetDependency section */
		C091D2141A2C6FCE0033F8BD /* PBXTargetDependency */ = {
			isa = PBXTargetDependency;
			target = C091D1F81A2C6FCE0033F8BD /* Checkers */;
			targetProxy = C091D2131A2C6FCE0033F8BD /* PBXContainerItemProxy */;
		};
/* End PBXTargetDependency section */

/* Begin PBXVariantGroup section */
		C091D2061A2C6FCE0033F8BD /* Main.storyboard */ = {
			isa = PBXVariantGroup;
			children = (
				C091D2071A2C6FCE0033F8BD /* Base */,
			);
			name = Main.storyboard;
			sourceTree = "<group>";
		};
		C091D20B1A2C6FCE0033F8BD /* LaunchScreen.xib */ = {
			isa = PBXVariantGroup;
			children = (
				C091D20C1A2C6FCE0033F8BD /* Base */,
			);
			name = LaunchScreen.xib;
			sourceTree = "<group>";
		};
/* End PBXVariantGroup section */

/* Begin XCBuildConfiguration section */
		C091D21A1A2C6FCE0033F8BD /* Debug */ = {
			isa = XCBuildConfiguration;
			buildSettings = {
				ALWAYS_SEARCH_USER_PATHS = NO;
				CLANG_CXX_LANGUAGE_STANDARD = "gnu++0x";
				CLANG_CXX_LIBRARY = "libc++";
				CLANG_ENABLE_MODULES = YES;
				CLANG_ENABLE_OBJC_ARC = YES;
				CLANG_WARN_BOOL_CONVERSION = YES;
				CLANG_WARN_CONSTANT_CONVERSION = YES;
				CLANG_WARN_DIRECT_OBJC_ISA_USAGE = YES_ERROR;
				CLANG_WARN_EMPTY_BODY = YES;
				CLANG_WARN_ENUM_CONVERSION = YES;
				CLANG_WARN_INT_CONVERSION = YES;
				CLANG_WARN_OBJC_ROOT_CLASS = YES_ERROR;
				CLANG_WARN_UNREACHABLE_CODE = YES;
				CLANG_WARN__DUPLICATE_METHOD_MATCH = YES;
				"CODE_SIGN_IDENTITY[sdk=iphoneos*]" = "iPhone Developer";
				COPY_PHASE_STRIP = NO;
				ENABLE_STRICT_OBJC_MSGSEND = YES;
				GCC_C_LANGUAGE_STANDARD = gnu99;
				GCC_DYNAMIC_NO_PIC = NO;
				GCC_OPTIMIZATION_LEVEL = 0;
				GCC_PREPROCESSOR_DEFINITIONS = (
					"DEBUG=1",
					"$(inherited)",
				);
				GCC_SYMBOLS_PRIVATE_EXTERN = NO;
				GCC_WARN_64_TO_32_BIT_CONVERSION = YES;
				GCC_WARN_ABOUT_RETURN_TYPE = YES_ERROR;
				GCC_WARN_UNDECLARED_SELECTOR = YES;
				GCC_WARN_UNINITIALIZED_AUTOS = YES_AGGRESSIVE;
				GCC_WARN_UNUSED_FUNCTION = YES;
				GCC_WARN_UNUSED_VARIABLE = YES;
				IPHONEOS_DEPLOYMENT_TARGET = 7.1;
				MTL_ENABLE_DEBUG_INFO = YES;
				ONLY_ACTIVE_ARCH = YES;
				SDKROOT = iphoneos;
			};
			name = Debug;
		};
		C091D21B1A2C6FCE0033F8BD /* Release */ = {
			isa = XCBuildConfiguration;
			buildSettings = {
				ALWAYS_SEARCH_USER_PATHS = NO;
				CLANG_CXX_LANGUAGE_STANDARD = "gnu++0x";
				CLANG_CXX_LIBRARY = "libc++";
				CLANG_ENABLE_MODULES = YES;
				CLANG_ENABLE_OBJC_ARC = YES;
				CLANG_WARN_BOOL_CONVERSION = YES;
				CLANG_WARN_CONSTANT_CONVERSION = YES;
				CLANG_WARN_DIRECT_OBJC_ISA_USAGE = YES_ERROR;
				CLANG_WARN_EMPTY_BODY = YES;
				CLANG_WARN_ENUM_CONVERSION = YES;
				CLANG_WARN_INT_CONVERSION = YES;
				CLANG_WARN_OBJC_ROOT_CLASS = YES_ERROR;
				CLANG_WARN_UNREACHABLE_CODE = YES;
				CLANG_WARN__DUPLICATE_METHOD_MATCH = YES;
				"CODE_SIGN_IDENTITY[sdk=iphoneos*]" = "iPhone Developer";
				COPY_PHASE_STRIP = YES;
				ENABLE_NS_ASSERTIONS = NO;
				ENABLE_STRICT_OBJC_MSGSEND = YES;
				GCC_C_LANGUAGE_STANDARD = gnu99;
				GCC_WARN_64_TO_32_BIT_CONVERSION = YES;
				GCC_WARN_ABOUT_RETURN_TYPE = YES_ERROR;
				GCC_WARN_UNDECLARED_SELECTOR = YES;
				GCC_WARN_UNINITIALIZED_AUTOS = YES_AGGRESSIVE;
				GCC_WARN_UNUSED_FUNCTION = YES;
				GCC_WARN_UNUSED_VARIABLE = YES;
				IPHONEOS_DEPLOYMENT_TARGET = 7.1;
				MTL_ENABLE_DEBUG_INFO = NO;
				SDKROOT = iphoneos;
				VALIDATE_PRODUCT = YES;
			};
			name = Release;
		};
		C091D21D1A2C6FCE0033F8BD /* Debug */ = {
			isa = XCBuildConfiguration;
			buildSettings = {
				ASSETCATALOG_COMPILER_APPICON_NAME = AppIcon;
				INFOPLIST_FILE = Checkers/Info.plist;
				LD_RUNPATH_SEARCH_PATHS = "$(inherited) @executable_path/Frameworks";
				PRODUCT_NAME = "$(TARGET_NAME)";
			};
			name = Debug;
		};
		C091D21E1A2C6FCE0033F8BD /* Release */ = {
			isa = XCBuildConfiguration;
			buildSettings = {
				ASSETCATALOG_COMPILER_APPICON_NAME = AppIcon;
				INFOPLIST_FILE = Checkers/Info.plist;
				LD_RUNPATH_SEARCH_PATHS = "$(inherited) @executable_path/Frameworks";
				PRODUCT_NAME = "$(TARGET_NAME)";
			};
			name = Release;
		};
		C091D2201A2C6FCE0033F8BD /* Debug */ = {
			isa = XCBuildConfiguration;
			buildSettings = {
				BUNDLE_LOADER = "$(TEST_HOST)";
				FRAMEWORK_SEARCH_PATHS = (
					"$(SDKROOT)/Developer/Library/Frameworks",
					"$(inherited)",
				);
				GCC_PREPROCESSOR_DEFINITIONS = (
					"DEBUG=1",
					"$(inherited)",
				);
				INFOPLIST_FILE = CheckersTests/Info.plist;
				LD_RUNPATH_SEARCH_PATHS = "$(inherited) @executable_path/Frameworks @loader_path/Frameworks";
				PRODUCT_NAME = "$(TARGET_NAME)";
				TEST_HOST = "$(BUILT_PRODUCTS_DIR)/Checkers.app/Checkers";
			};
			name = Debug;
		};
		C091D2211A2C6FCE0033F8BD /* Release */ = {
			isa = XCBuildConfiguration;
			buildSettings = {
				BUNDLE_LOADER = "$(TEST_HOST)";
				FRAMEWORK_SEARCH_PATHS = (
					"$(SDKROOT)/Developer/Library/Frameworks",
					"$(inherited)",
				);
				INFOPLIST_FILE = CheckersTests/Info.plist;
				LD_RUNPATH_SEARCH_PATHS = "$(inherited) @executable_path/Frameworks @loader_path/Frameworks";
				PRODUCT_NAME = "$(TARGET_NAME)";
				TEST_HOST = "$(BUILT_PRODUCTS_DIR)/Checkers.app/Checkers";
			};
			name = Release;
		};
/* End XCBuildConfiguration section */

/* Begin XCConfigurationList section */
		C091D1F41A2C6FCE0033F8BD /* Build configuration list for PBXProject "Checkers" */ = {
			isa = XCConfigurationList;
			buildConfigurations = (
				C091D21A1A2C6FCE0033F8BD /* Debug */,
				C091D21B1A2C6FCE0033F8BD /* Release */,
			);
			defaultConfigurationIsVisible = 0;
			defaultConfigurationName = Release;
		};
		C091D21C1A2C6FCE0033F8BD /* Build configuration list for PBXNativeTarget "Checkers" */ = {
			isa = XCConfigurationList;
			buildConfigurations = (
				C091D21D1A2C6FCE0033F8BD /* Debug */,
				C091D21E1A2C6FCE0033F8BD /* Release */,
			);
			defaultConfigurationIsVisible = 0;
			defaultConfigurationName = Release;
		};
		C091D21F1A2C6FCE0033F8BD /* Build configuration list for PBXNativeTarget "CheckersTests" */ = {
			isa = XCConfigurationList;
			buildConfigurations = (
				C091D2201A2C6FCE0033F8BD /* Debug */,
				C091D2211A2C6FCE0033F8BD /* Release */,
			);
			defaultConfigurationIsVisible = 0;
			defaultConfigurationName = Release;
		};
/* End XCConfigurationList section */
	};
	rootObject = C091D1F11A2C6FCE0033F8BD /* Project object */;
}
